{
  "name": "@imperian-systems/curl_system",
  "version": "0.0.2",
  "lockfileVersion": 2,
  "requires": true,
  "packages": {
    "": {
      "name": "@imperian-systems/curl_system",
      "version": "0.0.2",
      "license": "UNLICENSED",
      "dependencies": {
        "@imperian-systems/http_request_component": "file:../http_request_component",
        "@imperian-systems/http_response_component": "file:../http_response_component"
      }
    },
    "../http_request_component": {
      "name": "@imperian-systems/http_request_component",
      "version": "0.0.2",
      "license": "UNLICENSED"
    },
    "../http_response_component": {
      "name": "@imperian-systems/http_response_component",
      "version": "0.0.1",
      "license": "UNLICENSED"
    },
    "node_modules/@imperian-systems/http_request_component": {
      "resolved": "../http_request_component",
      "link": true
    },
    "node_modules/@imperian-systems/http_response_component": {
      "resolved": "../http_response_component",
      "link": true
    }
  },
  "dependencies": {
    "@imperian-systems/http_request_component": {
      "version": "file:../http_request_component"
    },
    "@imperian-systems/http_response_component": {
      "version": "file:../http_response_component"
    }
  }
}
