{
  "name": "@imperian-systems/curl_system",
  "version": "0.0.1",
  "lockfileVersion": 1,
  "requires": true,
  "dependencies": {
    "@imperian-systems/http_request_component": {
      "version": "0.0.1",
      "resolved": "https://registry.npmjs.org/@imperian-systems/http_request_component/-/http_request_component-0.0.1.tgz",
      "integrity": "sha512-zLNWvVImp7q4mt5OxxBd79MY8y/QkZ+4DEe5pYuPhRwInYG28r2fmuoT4oTkWLbkdzFxVsi3olyr0tjbLFJBag=="
    },
    "@imperian-systems/http_response_component": {
      "version": "0.0.1",
      "resolved": "https://registry.npmjs.org/@imperian-systems/http_response_component/-/http_response_component-0.0.1.tgz",
      "integrity": "sha512-cZSM9s/Ch08hTnM/lHjYI08HCzMfXFbifJktGy1GkJbqyapY8HLHGktMtEZ4G+QryXJG3xAOvnC4uJUZ19o8pQ=="
    }
  }
}
